
Microsoft Visual Studio Solution File, Format Version 12.00
# Visual Studio 15
VisualStudioVersion = 15.0.28010.2003
MinimumVisualStudioVersion = 10.0.40219.1
Project("{8BC9CEB8-8B4A-11D0-8D11-00A0C91BC942}") = "LoadLibrary", "LoadLibrary\LoadLibrary.vcxproj", "{48367CA7-075F-470A-9E61-E3383B8DA252}"
EndProject
Global
	GlobalSection(SolutionConfigurationPlatforms) = preSolution
		Debug|x64 = Debug|x64
		Debug|x86 = Debug|x86
		Release|x64 = Release|x64
		Release|x86 = Release|x86
	EndGlobalSection
	GlobalSection(ProjectConfigurationPlatforms) = postSolution
		{48367CA7-075F-470A-9E61-E3383B8DA252}.Debug|x64.ActiveCfg = Debug|x64
		{48367CA7-075F-470A-9E61-E3383B8DA252}.Debug|x64.Build.0 = Debug|x64
		{48367CA7-075F-470A-9E61-E3383B8DA252}.Debug|x86.ActiveCfg = Debug|Win32
		{48367CA7-075F-470A-9E61-E3383B8DA252}.Debug|x86.Build.0 = Debug|Win32
		{48367CA7-075F-470A-9E61-E3383B8DA252}.Release|x64.ActiveCfg = Release|x64
		{48367CA7-075F-470A-9E61-E3383B8DA252}.Release|x64.Build.0 = Release|x64
		{48367CA7-075F-470A-9E61-E3383B8DA252}.Release|x86.ActiveCfg = Release|Win32
		{48367CA7-075F-470A-9E61-E3383B8DA252}.Release|x86.Build.0 = Release|Win32
	EndGlobalSection
	GlobalSection(SolutionProperties) = preSolution
		HideSolutionNode = FALSE
	EndGlobalSection
	GlobalSection(ExtensibilityGlobals) = postSolution
		SolutionGuid = {48A2E98D-545A-4679-A0C8-311251ED7F95}
	EndGlobalSection
EndGlobal
